{
    "requires": true,
    "lockfileVersion": 1,
    "dependencies": {
        "pulltorefreshjs": {
            "version": "0.1.17",
            "resolved": "https://registry.npmjs.org/pulltorefreshjs/-/pulltorefreshjs-0.1.17.tgz",
            "integrity": "sha512-XHTMYleeboJrSr8u+7fidY+DdSIBeKYHtBJH4N6w1C3HR/VD9L2/LFcnDBGKEjcHaFJAYjPTJcxQPCxYYTTHow==",
            "dev": true
        }
    }
}
